
Microsoft Visual Studio Solution File, Format Version 12.00
# Visual Studio Version 17
VisualStudioVersion = 17.8.34525.116
MinimumVisualStudioVersion = 10.0.40219.1
Project("{9A19103F-16F7-4668-BE54-9A1E7A4F7556}") = "RL2.ModLoader.DevSetup", "RL2.ModLoader.DevSetup.csproj", "{AFAD7698-FF70-4D81-8B77-160C8C342323}"
EndProject
Global
	GlobalSection(SolutionConfigurationPlatforms) = preSolution
		Debug|Any CPU = Debug|Any CPU
		Release|Any CPU = Release|Any CPU
	EndGlobalSection
	GlobalSection(ProjectConfigurationPlatforms) = postSolution
		{AFAD7698-FF70-4D81-8B77-160C8C342323}.Debug|Any CPU.ActiveCfg = Debug|Any CPU
		{AFAD7698-FF70-4D81-8B77-160C8C342323}.Debug|Any CPU.Build.0 = Debug|Any CPU
		{AFAD7698-FF70-4D81-8B77-160C8C342323}.Release|Any CPU.ActiveCfg = Release|Any CPU
		{AFAD7698-FF70-4D81-8B77-160C8C342323}.Release|Any CPU.Build.0 = Release|Any CPU
	EndGlobalSection
	GlobalSection(SolutionProperties) = preSolution
		HideSolutionNode = FALSE
	EndGlobalSection
	GlobalSection(ExtensibilityGlobals) = postSolution
		SolutionGuid = {D77BC40C-01F2-4C40-9D81-D8A4627243FC}
	EndGlobalSection
EndGlobal
